
Microsoft Visual Studio Solution File, Format Version 12.00
# Visual Studio Version 17
VisualStudioVersion = 17.5.33424.131
MinimumVisualStudioVersion = 10.0.40219.1
Project("{FAE04EC0-301F-11D3-BF4B-00C04F79EFBC}") = "ProSource.Exam", "ProSource.Exam\ProSource.Exam.csproj", "{8FEE239E-801B-4A10-A9D4-AA113B32D123}"
EndProject
Project("{9A19103F-16F7-4668-BE54-9A1E7A4F7556}") = "ProSource.Test", "ProSource.Test\ProSource.Test.csproj", "{B1CDC505-8899-42BF-A4C8-039B0FA97CD7}"
EndProject
Global
	GlobalSection(SolutionConfigurationPlatforms) = preSolution
		Debug|Any CPU = Debug|Any CPU
		Release|Any CPU = Release|Any CPU
	EndGlobalSection
	GlobalSection(ProjectConfigurationPlatforms) = postSolution
		{8FEE239E-801B-4A10-A9D4-AA113B32D123}.Debug|Any CPU.ActiveCfg = Debug|Any CPU
		{8FEE239E-801B-4A10-A9D4-AA113B32D123}.Debug|Any CPU.Build.0 = Debug|Any CPU
		{8FEE239E-801B-4A10-A9D4-AA113B32D123}.Release|Any CPU.ActiveCfg = Release|Any CPU
		{8FEE239E-801B-4A10-A9D4-AA113B32D123}.Release|Any CPU.Build.0 = Release|Any CPU
		{B1CDC505-8899-42BF-A4C8-039B0FA97CD7}.Debug|Any CPU.ActiveCfg = Debug|Any CPU
		{B1CDC505-8899-42BF-A4C8-039B0FA97CD7}.Debug|Any CPU.Build.0 = Debug|Any CPU
		{B1CDC505-8899-42BF-A4C8-039B0FA97CD7}.Release|Any CPU.ActiveCfg = Release|Any CPU
		{B1CDC505-8899-42BF-A4C8-039B0FA97CD7}.Release|Any CPU.Build.0 = Release|Any CPU
	EndGlobalSection
	GlobalSection(SolutionProperties) = preSolution
		HideSolutionNode = FALSE
	EndGlobalSection
	GlobalSection(ExtensibilityGlobals) = postSolution
		SolutionGuid = {DDEF4E91-397E-4A60-A2D6-773BC797FC55}
	EndGlobalSection
EndGlobal
